<Solution>
  <Project Path="Cripty.Application/Cripty.Application.csproj" />
  <Project Path="Cripty.Core/Cripty.Core.csproj" />
  <Project Path="Cripty.Cryptography.Tests/Cripty.Cryptography.Tests.csproj" />
  <Project Path="Cripty.Cryptography/Cripty.Cryptography.csproj" />
  <Project Path="Cripty.Storage/Cripty.Storage.csproj" />
  <Project Path="Cripty/Cripty.csproj" />
</Solution>
